
Microsoft Visual Studio Solution File, Format Version 12.00
# Visual Studio Version 17
VisualStudioVersion = 17.11.35303.130
MinimumVisualStudioVersion = 10.0.40219.1
Project("{2150E333-8FDC-42A3-9474-1A3956D46DE8}") = "Task0", "Task0", "{C0FAA665-1AF0-4A2F-8716-3D17D7A5E296}"
EndProject
Project("{9A19103F-16F7-4668-BE54-9A1E7A4F7556}") = "Tyuiu.DikanovAA.Sprint1.Task0.V24", "Tyuiu.DikanovAA.Sprint1.Task0.V24\Tyuiu.DikanovAA.Sprint1.Task0.V24.csproj", "{F6190DCF-3E2F-4804-933C-8B740D80CFAB}"
EndProject
Project("{9A19103F-16F7-4668-BE54-9A1E7A4F7556}") = "Tyuiu.DikanovAA.Sprint1.Task0.V24.Lib", "Tyuiu.DikanovAA.Sprint1.Task0.V24.Lib\Tyuiu.DikanovAA.Sprint1.Task0.V24.Lib.csproj", "{008C8790-D843-4415-8417-0342607A5E21}"
EndProject
Project("{9A19103F-16F7-4668-BE54-9A1E7A4F7556}") = "Tyuiu.DikanovAA.Sprint1.Task0.V24.Test", "Tyuiu.DikanovAA.Sprint1.Task0.V24.Test\Tyuiu.DikanovAA.Sprint1.Task0.V24.Test.csproj", "{20F9222A-1960-4757-8215-EB94A5482FCC}"
EndProject
Project("{2150E333-8FDC-42A3-9474-1A3956D46DE8}") = "Task1", "Task1", "{FA2F56D9-A2D4-4D86-955F-CA8908874CE1}"
EndProject
Project("{9A19103F-16F7-4668-BE54-9A1E7A4F7556}") = "Tyuiu.DikanovAA.Sprint1.Task1.V1", "Tyuiu.DikanovAA.Sprint1.Task1.V1\Tyuiu.DikanovAA.Sprint1.Task1.V1.csproj", "{380DCF98-CDD8-4F46-91FD-A525B287BF33}"
EndProject
Project("{9A19103F-16F7-4668-BE54-9A1E7A4F7556}") = "Tyuiu.DikanovAA.Sprint1.Task1.V1.Lib", "Tyuiu.DikanovAA.Sprint1.Task1.V1.Lib\Tyuiu.DikanovAA.Sprint1.Task1.V1.Lib.csproj", "{77053000-2874-4FAF-9233-457D7E28A7C6}"
EndProject
Project("{9A19103F-16F7-4668-BE54-9A1E7A4F7556}") = "Tyuiu.DikanovAA.Sprint1.Task1.V1.Test", "Tyuiu.DikanovAA.Sprint1.Task1.V1.Test\Tyuiu.DikanovAA.Sprint1.Task1.V1.Test.csproj", "{FF5EEC30-7978-4B6B-95EF-5C2B3E255F02}"
EndProject
Project("{2150E333-8FDC-42A3-9474-1A3956D46DE8}") = "Task2", "Task2", "{168E3A77-3D8B-40B1-A71D-8DCCFAA14578}"
EndProject
Project("{9A19103F-16F7-4668-BE54-9A1E7A4F7556}") = "Tyuiu.DikanovAA.Sprint1.Task2.V1", "Tyuiu.DikanovAA.Sprint1.Task2.V1\Tyuiu.DikanovAA.Sprint1.Task2.V1.csproj", "{7358D550-DF54-47DB-B622-91B011B84975}"
EndProject
Project("{9A19103F-16F7-4668-BE54-9A1E7A4F7556}") = "Tyuiu.DikanovAA.Sprint1.Task2.V1.Lib", "Tyuiu.DikanovAA.Sprint1.Task2.V1.Lib\Tyuiu.DikanovAA.Sprint1.Task2.V1.Lib.csproj", "{AA61AC88-0AE0-4169-8565-C591CC6F289E}"
EndProject
Project("{9A19103F-16F7-4668-BE54-9A1E7A4F7556}") = "Tyuiu.DikanovAA.Sprint1.Task2.V1.Test", "Tyuiu.DikanovAA.Sprint1.Task2.V1.Test\Tyuiu.DikanovAA.Sprint1.Task2.V1.Test.csproj", "{41D84E82-45F4-4679-A471-77F7078E2B32}"
EndProject
Project("{2150E333-8FDC-42A3-9474-1A3956D46DE8}") = "Task3", "Task3", "{6639B93A-A1B6-4C99-A5A2-AC8F14C95B41}"
EndProject
Project("{FAE04EC0-301F-11D3-BF4B-00C04F79EFBC}") = "Tyuiu.DikanovAA.Sprint1.Task3.V16", "Tyuiu.DikanovAA.Sprint1.Task3.V16\Tyuiu.DikanovAA.Sprint1.Task3.V16.csproj", "{6BBEA50E-D6D8-4B95-B3F8-500FDA3003FB}"
EndProject
Project("{FAE04EC0-301F-11D3-BF4B-00C04F79EFBC}") = "Tyuiu.DikanovAA.Sprint1.Task3.V16.Lib", "Tyuiu.DikanovAA.Sprint1.Task3.V16.Lib\Tyuiu.DikanovAA.Sprint1.Task3.V16.Lib.csproj", "{F8DC7325-D98D-41A3-8702-61F68AD482B5}"
EndProject
Project("{FAE04EC0-301F-11D3-BF4B-00C04F79EFBC}") = "Tyuiu.DikanovAA.Sprint1.Task3.V16.Test", "Tyuiu.DikanovAA.Sprint1.Task3.V16.Test\Tyuiu.DikanovAA.Sprint1.Task3.V16.Test.csproj", "{35459A94-9492-4C7E-9D9F-4F3EB445F2BB}"
EndProject
Global
	GlobalSection(SolutionConfigurationPlatforms) = preSolution
		Debug|Any CPU = Debug|Any CPU
		Release|Any CPU = Release|Any CPU
	EndGlobalSection
	GlobalSection(ProjectConfigurationPlatforms) = postSolution
		{F6190DCF-3E2F-4804-933C-8B740D80CFAB}.Debug|Any CPU.ActiveCfg = Debug|Any CPU
		{F6190DCF-3E2F-4804-933C-8B740D80CFAB}.Debug|Any CPU.Build.0 = Debug|Any CPU
		{F6190DCF-3E2F-4804-933C-8B740D80CFAB}.Release|Any CPU.ActiveCfg = Release|Any CPU
		{F6190DCF-3E2F-4804-933C-8B740D80CFAB}.Release|Any CPU.Build.0 = Release|Any CPU
		{008C8790-D843-4415-8417-0342607A5E21}.Debug|Any CPU.ActiveCfg = Debug|Any CPU
		{008C8790-D843-4415-8417-0342607A5E21}.Debug|Any CPU.Build.0 = Debug|Any CPU
		{008C8790-D843-4415-8417-0342607A5E21}.Release|Any CPU.ActiveCfg = Release|Any CPU
		{008C8790-D843-4415-8417-0342607A5E21}.Release|Any CPU.Build.0 = Release|Any CPU
		{20F9222A-1960-4757-8215-EB94A5482FCC}.Debug|Any CPU.ActiveCfg = Debug|Any CPU
		{20F9222A-1960-4757-8215-EB94A5482FCC}.Debug|Any CPU.Build.0 = Debug|Any CPU
		{20F9222A-1960-4757-8215-EB94A5482FCC}.Release|Any CPU.ActiveCfg = Release|Any CPU
		{20F9222A-1960-4757-8215-EB94A5482FCC}.Release|Any CPU.Build.0 = Release|Any CPU
		{380DCF98-CDD8-4F46-91FD-A525B287BF33}.Debug|Any CPU.ActiveCfg = Debug|Any CPU
		{380DCF98-CDD8-4F46-91FD-A525B287BF33}.Debug|Any CPU.Build.0 = Debug|Any CPU
		{380DCF98-CDD8-4F46-91FD-A525B287BF33}.Release|Any CPU.ActiveCfg = Release|Any CPU
		{380DCF98-CDD8-4F46-91FD-A525B287BF33}.Release|Any CPU.Build.0 = Release|Any CPU
		{77053000-2874-4FAF-9233-457D7E28A7C6}.Debug|Any CPU.ActiveCfg = Debug|Any CPU
		{77053000-2874-4FAF-9233-457D7E28A7C6}.Debug|Any CPU.Build.0 = Debug|Any CPU
		{77053000-2874-4FAF-9233-457D7E28A7C6}.Release|Any CPU.ActiveCfg = Release|Any CPU
		{77053000-2874-4FAF-9233-457D7E28A7C6}.Release|Any CPU.Build.0 = Release|Any CPU
		{FF5EEC30-7978-4B6B-95EF-5C2B3E255F02}.Debug|Any CPU.ActiveCfg = Debug|Any CPU
		{FF5EEC30-7978-4B6B-95EF-5C2B3E255F02}.Debug|Any CPU.Build.0 = Debug|Any CPU
		{FF5EEC30-7978-4B6B-95EF-5C2B3E255F02}.Release|Any CPU.ActiveCfg = Release|Any CPU
		{FF5EEC30-7978-4B6B-95EF-5C2B3E255F02}.Release|Any CPU.Build.0 = Release|Any CPU
		{7358D550-DF54-47DB-B622-91B011B84975}.Debug|Any CPU.ActiveCfg = Debug|Any CPU
		{7358D550-DF54-47DB-B622-91B011B84975}.Debug|Any CPU.Build.0 = Debug|Any CPU
		{7358D550-DF54-47DB-B622-91B011B84975}.Release|Any CPU.ActiveCfg = Release|Any CPU
		{7358D550-DF54-47DB-B622-91B011B84975}.Release|Any CPU.Build.0 = Release|Any CPU
		{AA61AC88-0AE0-4169-8565-C591CC6F289E}.Debug|Any CPU.ActiveCfg = Debug|Any CPU
		{AA61AC88-0AE0-4169-8565-C591CC6F289E}.Debug|Any CPU.Build.0 = Debug|Any CPU
		{AA61AC88-0AE0-4169-8565-C591CC6F289E}.Release|Any CPU.ActiveCfg = Release|Any CPU
		{AA61AC88-0AE0-4169-8565-C591CC6F289E}.Release|Any CPU.Build.0 = Release|Any CPU
		{41D84E82-45F4-4679-A471-77F7078E2B32}.Debug|Any CPU.ActiveCfg = Debug|Any CPU
		{41D84E82-45F4-4679-A471-77F7078E2B32}.Debug|Any CPU.Build.0 = Debug|Any CPU
		{41D84E82-45F4-4679-A471-77F7078E2B32}.Release|Any CPU.ActiveCfg = Release|Any CPU
		{41D84E82-45F4-4679-A471-77F7078E2B32}.Release|Any CPU.Build.0 = Release|Any CPU
		{6BBEA50E-D6D8-4B95-B3F8-500FDA3003FB}.Debug|Any CPU.ActiveCfg = Debug|Any CPU
		{6BBEA50E-D6D8-4B95-B3F8-500FDA3003FB}.Debug|Any CPU.Build.0 = Debug|Any CPU
		{6BBEA50E-D6D8-4B95-B3F8-500FDA3003FB}.Release|Any CPU.ActiveCfg = Release|Any CPU
		{6BBEA50E-D6D8-4B95-B3F8-500FDA3003FB}.Release|Any CPU.Build.0 = Release|Any CPU
		{F8DC7325-D98D-41A3-8702-61F68AD482B5}.Debug|Any CPU.ActiveCfg = Debug|Any CPU
		{F8DC7325-D98D-41A3-8702-61F68AD482B5}.Debug|Any CPU.Build.0 = Debug|Any CPU
		{F8DC7325-D98D-41A3-8702-61F68AD482B5}.Release|Any CPU.ActiveCfg = Release|Any CPU
		{F8DC7325-D98D-41A3-8702-61F68AD482B5}.Release|Any CPU.Build.0 = Release|Any CPU
		{35459A94-9492-4C7E-9D9F-4F3EB445F2BB}.Debug|Any CPU.ActiveCfg = Debug|Any CPU
		{35459A94-9492-4C7E-9D9F-4F3EB445F2BB}.Debug|Any CPU.Build.0 = Debug|Any CPU
		{35459A94-9492-4C7E-9D9F-4F3EB445F2BB}.Release|Any CPU.ActiveCfg = Release|Any CPU
		{35459A94-9492-4C7E-9D9F-4F3EB445F2BB}.Release|Any CPU.Build.0 = Release|Any CPU
	EndGlobalSection
	GlobalSection(SolutionProperties) = preSolution
		HideSolutionNode = FALSE
	EndGlobalSection
	GlobalSection(NestedProjects) = preSolution
		{F6190DCF-3E2F-4804-933C-8B740D80CFAB} = {C0FAA665-1AF0-4A2F-8716-3D17D7A5E296}
		{008C8790-D843-4415-8417-0342607A5E21} = {C0FAA665-1AF0-4A2F-8716-3D17D7A5E296}
		{20F9222A-1960-4757-8215-EB94A5482FCC} = {C0FAA665-1AF0-4A2F-8716-3D17D7A5E296}
		{380DCF98-CDD8-4F46-91FD-A525B287BF33} = {FA2F56D9-A2D4-4D86-955F-CA8908874CE1}
		{77053000-2874-4FAF-9233-457D7E28A7C6} = {FA2F56D9-A2D4-4D86-955F-CA8908874CE1}
		{FF5EEC30-7978-4B6B-95EF-5C2B3E255F02} = {FA2F56D9-A2D4-4D86-955F-CA8908874CE1}
		{7358D550-DF54-47DB-B622-91B011B84975} = {168E3A77-3D8B-40B1-A71D-8DCCFAA14578}
		{AA61AC88-0AE0-4169-8565-C591CC6F289E} = {168E3A77-3D8B-40B1-A71D-8DCCFAA14578}
		{41D84E82-45F4-4679-A471-77F7078E2B32} = {168E3A77-3D8B-40B1-A71D-8DCCFAA14578}
		{6BBEA50E-D6D8-4B95-B3F8-500FDA3003FB} = {6639B93A-A1B6-4C99-A5A2-AC8F14C95B41}
		{F8DC7325-D98D-41A3-8702-61F68AD482B5} = {6639B93A-A1B6-4C99-A5A2-AC8F14C95B41}
		{35459A94-9492-4C7E-9D9F-4F3EB445F2BB} = {6639B93A-A1B6-4C99-A5A2-AC8F14C95B41}
	EndGlobalSection
	GlobalSection(ExtensibilityGlobals) = postSolution
		SolutionGuid = {96992A3D-9550-4E2E-8EC1-0D865356A700}
	EndGlobalSection
EndGlobal
